
Microsoft Visual Studio Solution File, Format Version 12.00
# Visual Studio Version 16
VisualStudioVersion = 16.0.31624.102
MinimumVisualStudioVersion = 10.0.40219.1
Project("{8BC9CEB8-8B4A-11D0-8D11-00A0C91BC942}") = "PR4.1", "PR4.1\PR4.1.vcxproj", "{8DC8D3ED-E424-434E-927D-908AE30C5A85}"
EndProject
Global
	GlobalSection(SolutionConfigurationPlatforms) = preSolution
		Debug|x64 = Debug|x64
		Debug|x86 = Debug|x86
		Release|x64 = Release|x64
		Release|x86 = Release|x86
	EndGlobalSection
	GlobalSection(ProjectConfigurationPlatforms) = postSolution
		{8DC8D3ED-E424-434E-927D-908AE30C5A85}.Debug|x64.ActiveCfg = Debug|x64
		{8DC8D3ED-E424-434E-927D-908AE30C5A85}.Debug|x64.Build.0 = Debug|x64
		{8DC8D3ED-E424-434E-927D-908AE30C5A85}.Debug|x86.ActiveCfg = Debug|Win32
		{8DC8D3ED-E424-434E-927D-908AE30C5A85}.Debug|x86.Build.0 = Debug|Win32
		{8DC8D3ED-E424-434E-927D-908AE30C5A85}.Release|x64.ActiveCfg = Release|x64
		{8DC8D3ED-E424-434E-927D-908AE30C5A85}.Release|x64.Build.0 = Release|x64
		{8DC8D3ED-E424-434E-927D-908AE30C5A85}.Release|x86.ActiveCfg = Release|Win32
		{8DC8D3ED-E424-434E-927D-908AE30C5A85}.Release|x86.Build.0 = Release|Win32
	EndGlobalSection
	GlobalSection(SolutionProperties) = preSolution
		HideSolutionNode = FALSE
	EndGlobalSection
	GlobalSection(ExtensibilityGlobals) = postSolution
		SolutionGuid = {7B0C00F5-5A4A-46EC-BDEA-9AD7D5344CB1}
	EndGlobalSection
EndGlobal
